[[package]]
name = "anyio"
version = "3.6.1"
description = "High level compatibility layer for multiple asynchronous event loop implementations"
category = "main"
optional = false
python-versions = ">=3.6.2"

[package.dependencies]
idna = ">=2.8"
sniffio = ">=1.1"

[package.extras]
doc = ["packaging", "sphinx-rtd-theme", "sphinx-autodoc-typehints (>=1.2.0)"]
test = ["coverage[toml] (>=4.5)", "hypothesis (>=4.0)", "pytest (>=7.0)", "pytest-mock (>=3.6.1)", "trustme", "contextlib2", "uvloop (<0.15)", "mock (>=4)", "uvloop (>=0.15)"]
trio = ["trio (>=0.16)"]

[[package]]
name = "beautifulsoup4"
version = "4.11.1"
description = "Screen-scraping library"
category = "main"
optional = false
python-versions = ">=3.6.0"

[package.dependencies]
soupsieve = ">1.2"

[package.extras]
html5lib = ["html5lib"]
lxml = ["lxml"]

[[package]]
name = "certifi"
version = "2022.5.18.1"
description = "Python package for providing Mozilla's CA Bundle."
category = "main"
optional = false
python-versions = ">=3.6"

[[package]]
name = "cfscrape"
version = "2.1.1"
description = "A simple Python module to bypass Cloudflare's anti-bot page. See https://github.com/Anorov/cloudflare-scrape for more information."
category = "main"
optional = false
python-versions = "*"

[package.dependencies]
requests = ">=2.6.1"

[[package]]
name = "charset-normalizer"
version = "2.0.12"
description = "The Real First Universal Charset Detector. Open, modern and actively maintained alternative to Chardet."
category = "main"
optional = false
python-versions = ">=3.5.0"

[package.extras]
unicode_backport = ["unicodedata2"]

[[package]]
name = "click"
version = "8.1.3"
description = "Composable command line interface toolkit"
category = "main"
optional = false
python-versions = ">=3.7"

[package.dependencies]
colorama = {version = "*", markers = "platform_system == \"Windows\""}

[[package]]
name = "colorama"
version = "0.4.4"
description = "Cross-platform colored terminal text."
category = "main"
optional = false
python-versions = ">=2.7, !=3.0.*, !=3.1.*, !=3.2.*, !=3.3.*, !=3.4.*"

[[package]]
name = "faapi"
version = "3.7.4"
description = "Python module to implement API-like functionality for the FurAffinity.net website."
category = "main"
optional = false
python-versions = ">=3.9,<4.0"

[package.dependencies]
beautifulsoup4 = ">=4.11.1,<5.0.0"
cfscrape = ">=2.1.1,<3.0.0"
lxml = ">=4.9.1,<5.0.0"
python-dateutil = ">=2.8.1,<3.0.0"
requests = ">=2.27.1,<3.0.0"

[[package]]
name = "fastapi"
version = "0.79.0"
description = "FastAPI framework, high performance, easy to learn, fast to code, ready for production"
category = "main"
optional = false
python-versions = ">=3.6.1"

[package.dependencies]
pydantic = ">=1.6.2,<1.7 || >1.7,<1.7.1 || >1.7.1,<1.7.2 || >1.7.2,<1.7.3 || >1.7.3,<1.8 || >1.8,<1.8.1 || >1.8.1,<2.0.0"
starlette = "0.19.1"

[package.extras]
all = ["requests (>=2.24.0,<3.0.0)", "jinja2 (>=2.11.2,<4.0.0)", "python-multipart (>=0.0.5,<0.0.6)", "itsdangerous (>=1.1.0,<3.0.0)", "pyyaml (>=5.3.1,<7.0.0)", "ujson (>=4.0.1,!=4.0.2,!=4.1.0,!=4.2.0,!=4.3.0,!=5.0.0,!=5.1.0,<6.0.0)", "orjson (>=3.2.1,<4.0.0)", "email_validator (>=1.1.1,<2.0.0)", "uvicorn[standard] (>=0.12.0,<0.18.0)"]
dev = ["python-jose[cryptography] (>=3.3.0,<4.0.0)", "passlib[bcrypt] (>=1.7.2,<2.0.0)", "autoflake (>=1.4.0,<2.0.0)", "flake8 (>=3.8.3,<4.0.0)", "uvicorn[standard] (>=0.12.0,<0.18.0)", "pre-commit (>=2.17.0,<3.0.0)"]
doc = ["mkdocs (>=1.1.2,<2.0.0)", "mkdocs-material (>=8.1.4,<9.0.0)", "mdx-include (>=1.4.1,<2.0.0)", "mkdocs-markdownextradata-plugin (>=0.1.7,<0.3.0)", "typer (>=0.4.1,<0.5.0)", "pyyaml (>=5.3.1,<7.0.0)"]
test = ["pytest (>=6.2.4,<7.0.0)", "pytest-cov (>=2.12.0,<4.0.0)", "mypy (==0.910)", "flake8 (>=3.8.3,<4.0.0)", "black (==22.3.0)", "isort (>=5.0.6,<6.0.0)", "requests (>=2.24.0,<3.0.0)", "httpx (>=0.14.0,<0.19.0)", "email_validator (>=1.1.1,<2.0.0)", "sqlalchemy (>=1.3.18,<1.5.0)", "peewee (>=3.13.3,<4.0.0)", "databases[sqlite] (>=0.3.2,<0.6.0)", "orjson (>=3.2.1,<4.0.0)", "ujson (>=4.0.1,!=4.0.2,!=4.1.0,!=4.2.0,!=4.3.0,!=5.0.0,!=5.1.0,<6.0.0)", "python-multipart (>=0.0.5,<0.0.6)", "flask (>=1.1.2,<3.0.0)", "anyio[trio] (>=3.2.1,<4.0.0)", "types-ujson (==4.2.1)", "types-orjson (==3.6.2)", "types-dataclasses (==0.6.5)"]

[[package]]
name = "h11"
version = "0.13.0"
description = "A pure-Python, bring-your-own-I/O implementation of HTTP/1.1"
category = "main"
optional = false
python-versions = ">=3.6"

[[package]]
name = "idna"
version = "3.3"
description = "Internationalized Domain Names in Applications (IDNA)"
category = "main"
optional = false
python-versions = ">=3.5"

[[package]]
name = "lxml"
version = "4.9.1"
description = "Powerful and Pythonic XML processing library combining libxml2/libxslt with the ElementTree API."
category = "main"
optional = false
python-versions = ">=2.7, !=3.0.*, !=3.1.*, !=3.2.*, !=3.3.*, != 3.4.*"

[package.extras]
cssselect = ["cssselect (>=0.7)"]
html5 = ["html5lib"]
htmlsoup = ["beautifulsoup4"]
source = ["Cython (>=0.29.7)"]

[[package]]
name = "orjson"
version = "3.7.11"
description = "Fast, correct Python JSON library supporting dataclasses, datetimes, and numpy"
category = "main"
optional = false
python-versions = ">=3.7"

[[package]]
name = "pydantic"
version = "1.9.1"
description = "Data validation and settings management using python type hints"
category = "main"
optional = false
python-versions = ">=3.6.1"

[package.dependencies]
typing-extensions = ">=3.7.4.3"

[package.extras]
dotenv = ["python-dotenv (>=0.10.4)"]
email = ["email-validator (>=1.0.3)"]

[[package]]
name = "python-dateutil"
version = "2.8.2"
description = "Extensions to the standard Python datetime module"
category = "main"
optional = false
python-versions = "!=3.0.*,!=3.1.*,!=3.2.*,>=2.7"

[package.dependencies]
six = ">=1.5"

[[package]]
name = "requests"
version = "2.27.1"
description = "Python HTTP for Humans."
category = "main"
optional = false
python-versions = ">=2.7, !=3.0.*, !=3.1.*, !=3.2.*, !=3.3.*, !=3.4.*, !=3.5.*"

[package.dependencies]
certifi = ">=2017.4.17"
charset-normalizer = {version = ">=2.0.0,<2.1.0", markers = "python_version >= \"3\""}
idna = {version = ">=2.5,<4", markers = "python_version >= \"3\""}
urllib3 = ">=1.21.1,<1.27"

[package.extras]
socks = ["PySocks (>=1.5.6,!=1.5.7)", "win-inet-pton"]
use_chardet_on_py3 = ["chardet (>=3.0.2,<5)"]

[[package]]
name = "six"
version = "1.16.0"
description = "Python 2 and 3 compatibility utilities"
category = "main"
optional = false
python-versions = ">=2.7, !=3.0.*, !=3.1.*, !=3.2.*"

[[package]]
name = "sniffio"
version = "1.2.0"
description = "Sniff out which async library your code is running under"
category = "main"
optional = false
python-versions = ">=3.5"

[[package]]
name = "soupsieve"
version = "2.3.2.post1"
description = "A modern CSS selector implementation for Beautiful Soup."
category = "main"
optional = false
python-versions = ">=3.6"

[[package]]
name = "starlette"
version = "0.19.1"
description = "The little ASGI library that shines."
category = "main"
optional = false
python-versions = ">=3.6"

[package.dependencies]
anyio = ">=3.4.0,<5"

[package.extras]
full = ["itsdangerous", "jinja2", "python-multipart", "pyyaml", "requests"]

[[package]]
name = "typing-extensions"
version = "4.2.0"
description = "Backported and Experimental Type Hints for Python 3.7+"
category = "main"
optional = false
python-versions = ">=3.7"

[[package]]
name = "urllib3"
version = "1.26.9"
description = "HTTP library with thread-safe connection pooling, file post, and more."
category = "main"
optional = false
python-versions = ">=2.7, !=3.0.*, !=3.1.*, !=3.2.*, !=3.3.*, !=3.4.*, <4"

[package.extras]
brotli = ["brotlicffi (>=0.8.0)", "brotli (>=1.0.9)", "brotlipy (>=0.6.0)"]
secure = ["pyOpenSSL (>=0.14)", "cryptography (>=1.3.4)", "idna (>=2.0.0)", "certifi", "ipaddress"]
socks = ["PySocks (>=1.5.6,!=1.5.7,<2.0)"]

[[package]]
name = "uvicorn"
version = "0.18.2"
description = "The lightning-fast ASGI server."
category = "main"
optional = false
python-versions = ">=3.7"

[package.dependencies]
click = ">=7.0"
h11 = ">=0.8"

[package.extras]
standard = ["websockets (>=10.0)", "httptools (>=0.4.0)", "watchfiles (>=0.13)", "python-dotenv (>=0.13)", "PyYAML (>=5.1)", "uvloop (>=0.14.0,!=0.15.0,!=0.15.1)", "colorama (>=0.4)"]

[metadata]
lock-version = "1.1"
python-versions = "^3.10"
content-hash = "6f330f9fabeaac11025157c7b9742e522aa55d7f7dd6bb3f0034e5b94fcc864e"

[metadata.files]
anyio = [
    {file = "anyio-3.6.1-py3-none-any.whl", hash = "sha256:cb29b9c70620506a9a8f87a309591713446953302d7d995344d0d7c6c0c9a7be"},
    {file = "anyio-3.6.1.tar.gz", hash = "sha256:413adf95f93886e442aea925f3ee43baa5a765a64a0f52c6081894f9992fdd0b"},
]
beautifulsoup4 = [
    {file = "beautifulsoup4-4.11.1-py3-none-any.whl", hash = "sha256:58d5c3d29f5a36ffeb94f02f0d786cd53014cf9b3b3951d42e0080d8a9498d30"},
    {file = "beautifulsoup4-4.11.1.tar.gz", hash = "sha256:ad9aa55b65ef2808eb405f46cf74df7fcb7044d5cbc26487f96eb2ef2e436693"},
]
certifi = [
    {file = "certifi-2022.5.18.1-py3-none-any.whl", hash = "sha256:f1d53542ee8cbedbe2118b5686372fb33c297fcd6379b050cca0ef13a597382a"},
    {file = "certifi-2022.5.18.1.tar.gz", hash = "sha256:9c5705e395cd70084351dd8ad5c41e65655e08ce46f2ec9cf6c2c08390f71eb7"},
]
cfscrape = [
    {file = "cfscrape-2.1.1-py3-none-any.whl", hash = "sha256:c62085b42822e196907196f6a09561ec6b2aea8bd87e5a6f84d382e60dd23fe4"},
    {file = "cfscrape-2.1.1.tar.gz", hash = "sha256:7c5ef94554e0d6ee7de7cd0d42051526e716ce6c0357679ee0b82c49e189e2ef"},
]
charset-normalizer = [
    {file = "charset-normalizer-2.0.12.tar.gz", hash = "sha256:2857e29ff0d34db842cd7ca3230549d1a697f96ee6d3fb071cfa6c7393832597"},
    {file = "charset_normalizer-2.0.12-py3-none-any.whl", hash = "sha256:6881edbebdb17b39b4eaaa821b438bf6eddffb4468cf344f09f89def34a8b1df"},
]
click = [
    {file = "click-8.1.3-py3-none-any.whl", hash = "sha256:bb4d8133cb15a609f44e8213d9b391b0809795062913b383c62be0ee95b1db48"},
    {file = "click-8.1.3.tar.gz", hash = "sha256:7682dc8afb30297001674575ea00d1814d808d6a36af415a82bd481d37ba7b8e"},
]
colorama = [
    {file = "colorama-0.4.4-py2.py3-none-any.whl", hash = "sha256:9f47eda37229f68eee03b24b9748937c7dc3868f906e8ba69fbcbdd3bc5dc3e2"},
    {file = "colorama-0.4.4.tar.gz", hash = "sha256:5941b2b48a20143d2267e95b1c2a7603ce057ee39fd88e7329b0c292aa16869b"},
]
faapi = [
    {file = "faapi-3.7.4-py3-none-any.whl", hash = "sha256:22ce54fa0031e0922396dda204718c81435488a819e642e53133a3475ed5169a"},
    {file = "faapi-3.7.4.tar.gz", hash = "sha256:73c81981c26099a460c073c28acf1184faf1d4ad6a9b484986195befd3a8b58d"},
]
fastapi = [
    {file = "fastapi-0.79.0-py3-none-any.whl", hash = "sha256:d337563424ceada23857f73d5abe8dae0c28e4cccb53b2af06e78b7bb4a1c7d7"},
    {file = "fastapi-0.79.0.tar.gz", hash = "sha256:cf0ff6db25b91d321050c4112baab0908c90f19b40bf257f9591d2f9780d1f22"},
]
h11 = [
    {file = "h11-0.13.0-py3-none-any.whl", hash = "sha256:8ddd78563b633ca55346c8cd41ec0af27d3c79931828beffb46ce70a379e7442"},
    {file = "h11-0.13.0.tar.gz", hash = "sha256:70813c1135087a248a4d38cc0e1a0181ffab2188141a93eaf567940c3957ff06"},
]
idna = [
    {file = "idna-3.3-py3-none-any.whl", hash = "sha256:84d9dd047ffa80596e0f246e2eab0b391788b0503584e8945f2368256d2735ff"},
    {file = "idna-3.3.tar.gz", hash = "sha256:9d643ff0a55b762d5cdb124b8eaa99c66322e2157b69160bc32796e824360e6d"},
]
lxml = [
    {file = "lxml-4.9.1-cp27-cp27m-macosx_10_15_x86_64.whl", hash = "sha256:98cafc618614d72b02185ac583c6f7796202062c41d2eeecdf07820bad3295ed"},
    {file = "lxml-4.9.1-cp27-cp27m-manylinux_2_5_i686.manylinux1_i686.whl", hash = "sha256:c62e8dd9754b7debda0c5ba59d34509c4688f853588d75b53c3791983faa96fc"},
    {file = "lxml-4.9.1-cp27-cp27m-manylinux_2_5_x86_64.manylinux1_x86_64.whl", hash = "sha256:21fb3d24ab430fc538a96e9fbb9b150029914805d551deeac7d7822f64631dfc"},
    {file = "lxml-4.9.1-cp27-cp27m-win32.whl", hash = "sha256:86e92728ef3fc842c50a5cb1d5ba2bc66db7da08a7af53fb3da79e202d1b2cd3"},
    {file = "lxml-4.9.1-cp27-cp27m-win_amd64.whl", hash = "sha256:4cfbe42c686f33944e12f45a27d25a492cc0e43e1dc1da5d6a87cbcaf2e95627"},
    {file = "lxml-4.9.1-cp27-cp27mu-manylinux_2_5_i686.manylinux1_i686.whl", hash = "sha256:dad7b164905d3e534883281c050180afcf1e230c3d4a54e8038aa5cfcf312b84"},
    {file = "lxml-4.9.1-cp27-cp27mu-manylinux_2_5_x86_64.manylinux1_x86_64.whl", hash = "sha256:a614e4afed58c14254e67862456d212c4dcceebab2eaa44d627c2ca04bf86837"},
    {file = "lxml-4.9.1-cp310-cp310-manylinux_2_12_i686.manylinux2010_i686.manylinux_2_24_i686.whl", hash = "sha256:f9ced82717c7ec65a67667bb05865ffe38af0e835cdd78728f1209c8fffe0cad"},
    {file = "lxml-4.9.1-cp310-cp310-manylinux_2_17_aarch64.manylinux2014_aarch64.manylinux_2_24_aarch64.whl", hash = "sha256:d9fc0bf3ff86c17348dfc5d322f627d78273eba545db865c3cd14b3f19e57fa5"},
    {file = "lxml-4.9.1-cp310-cp310-manylinux_2_17_x86_64.manylinux2014_x86_64.manylinux_2_24_x86_64.whl", hash = "sha256:e5f66bdf0976ec667fc4594d2812a00b07ed14d1b44259d19a41ae3fff99f2b8"},
    {file = "lxml-4.9.1-cp310-cp310-musllinux_1_1_aarch64.whl", hash = "sha256:fe17d10b97fdf58155f858606bddb4e037b805a60ae023c009f760d8361a4eb8"},
    {file = "lxml-4.9.1-cp310-cp310-musllinux_1_1_x86_64.whl", hash = "sha256:8caf4d16b31961e964c62194ea3e26a0e9561cdf72eecb1781458b67ec83423d"},
    {file = "lxml-4.9.1-cp310-cp310-win32.whl", hash = "sha256:4780677767dd52b99f0af1f123bc2c22873d30b474aa0e2fc3fe5e02217687c7"},
    {file = "lxml-4.9.1-cp310-cp310-win_amd64.whl", hash = "sha256:b122a188cd292c4d2fcd78d04f863b789ef43aa129b233d7c9004de08693728b"},
    {file = "lxml-4.9.1-cp311-cp311-manylinux_2_12_i686.manylinux2010_i686.manylinux_2_24_i686.whl", hash = "sha256:be9eb06489bc975c38706902cbc6888f39e946b81383abc2838d186f0e8b6a9d"},
    {file = "lxml-4.9.1-cp311-cp311-manylinux_2_17_x86_64.manylinux2014_x86_64.manylinux_2_24_x86_64.whl", hash = "sha256:f1be258c4d3dc609e654a1dc59d37b17d7fef05df912c01fc2e15eb43a9735f3"},
    {file = "lxml-4.9.1-cp311-cp311-musllinux_1_1_x86_64.whl", hash = "sha256:927a9dd016d6033bc12e0bf5dee1dde140235fc8d0d51099353c76081c03dc29"},
    {file = "lxml-4.9.1-cp35-cp35m-manylinux_2_5_i686.manylinux1_i686.whl", hash = "sha256:9232b09f5efee6a495a99ae6824881940d6447debe272ea400c02e3b68aad85d"},
    {file = "lxml-4.9.1-cp35-cp35m-manylinux_2_5_x86_64.manylinux1_x86_64.whl", hash = "sha256:04da965dfebb5dac2619cb90fcf93efdb35b3c6994fea58a157a834f2f94b318"},
    {file = "lxml-4.9.1-cp35-cp35m-win32.whl", hash = "sha256:4d5bae0a37af799207140652a700f21a85946f107a199bcb06720b13a4f1f0b7"},
    {file = "lxml-4.9.1-cp35-cp35m-win_amd64.whl", hash = "sha256:4878e667ebabe9b65e785ac8da4d48886fe81193a84bbe49f12acff8f7a383a4"},
    {file = "lxml-4.9.1-cp36-cp36m-macosx_10_15_x86_64.whl", hash = "sha256:1355755b62c28950f9ce123c7a41460ed9743c699905cbe664a5bcc5c9c7c7fb"},
    {file = "lxml-4.9.1-cp36-cp36m-manylinux_2_12_i686.manylinux2010_i686.manylinux_2_24_i686.whl", hash = "sha256:bcaa1c495ce623966d9fc8a187da80082334236a2a1c7e141763ffaf7a405067"},
    {file = "lxml-4.9.1-cp36-cp36m-manylinux_2_17_aarch64.manylinux2014_aarch64.whl", hash = "sha256:6eafc048ea3f1b3c136c71a86db393be36b5b3d9c87b1c25204e7d397cee9536"},
    {file = "lxml-4.9.1-cp36-cp36m-manylinux_2_17_x86_64.manylinux2014_x86_64.manylinux_2_24_x86_64.whl", hash = "sha256:13c90064b224e10c14dcdf8086688d3f0e612db53766e7478d7754703295c7c8"},
    {file = "lxml-4.9.1-cp36-cp36m-manylinux_2_5_i686.manylinux1_i686.whl", hash = "sha256:206a51077773c6c5d2ce1991327cda719063a47adc02bd703c56a662cdb6c58b"},
    {file = "lxml-4.9.1-cp36-cp36m-manylinux_2_5_x86_64.manylinux1_x86_64.whl", hash = "sha256:e8f0c9d65da595cfe91713bc1222af9ecabd37971762cb830dea2fc3b3bb2acf"},
    {file = "lxml-4.9.1-cp36-cp36m-musllinux_1_1_aarch64.whl", hash = "sha256:8f0a4d179c9a941eb80c3a63cdb495e539e064f8054230844dcf2fcb812b71d3"},
    {file = "lxml-4.9.1-cp36-cp36m-musllinux_1_1_x86_64.whl", hash = "sha256:830c88747dce8a3e7525defa68afd742b4580df6aa2fdd6f0855481e3994d391"},
    {file = "lxml-4.9.1-cp36-cp36m-win32.whl", hash = "sha256:1e1cf47774373777936c5aabad489fef7b1c087dcd1f426b621fda9dcc12994e"},
    {file = "lxml-4.9.1-cp36-cp36m-win_amd64.whl", hash = "sha256:5974895115737a74a00b321e339b9c3f45c20275d226398ae79ac008d908bff7"},
    {file = "lxml-4.9.1-cp37-cp37m-macosx_10_15_x86_64.whl", hash = "sha256:1423631e3d51008871299525b541413c9b6c6423593e89f9c4cfbe8460afc0a2"},
    {file = "lxml-4.9.1-cp37-cp37m-manylinux_2_12_i686.manylinux2010_i686.manylinux_2_24_i686.whl", hash = "sha256:2aaf6a0a6465d39b5ca69688fce82d20088c1838534982996ec46633dc7ad6cc"},
    {file = "lxml-4.9.1-cp37-cp37m-manylinux_2_17_aarch64.manylinux2014_aarch64.manylinux_2_24_aarch64.whl", hash = "sha256:9f36de4cd0c262dd9927886cc2305aa3f2210db437aa4fed3fb4940b8bf4592c"},
    {file = "lxml-4.9.1-cp37-cp37m-manylinux_2_17_x86_64.manylinux2014_x86_64.manylinux_2_24_x86_64.whl", hash = "sha256:ae06c1e4bc60ee076292e582a7512f304abdf6c70db59b56745cca1684f875a4"},
    {file = "lxml-4.9.1-cp37-cp37m-manylinux_2_5_i686.manylinux1_i686.whl", hash = "sha256:57e4d637258703d14171b54203fd6822fda218c6c2658a7d30816b10995f29f3"},
    {file = "lxml-4.9.1-cp37-cp37m-manylinux_2_5_x86_64.manylinux1_x86_64.whl", hash = "sha256:6d279033bf614953c3fc4a0aa9ac33a21e8044ca72d4fa8b9273fe75359d5cca"},
    {file = "lxml-4.9.1-cp37-cp37m-musllinux_1_1_aarch64.whl", hash = "sha256:a60f90bba4c37962cbf210f0188ecca87daafdf60271f4c6948606e4dabf8785"},
    {file = "lxml-4.9.1-cp37-cp37m-musllinux_1_1_x86_64.whl", hash = "sha256:6ca2264f341dd81e41f3fffecec6e446aa2121e0b8d026fb5130e02de1402785"},
    {file = "lxml-4.9.1-cp37-cp37m-win32.whl", hash = "sha256:27e590352c76156f50f538dbcebd1925317a0f70540f7dc8c97d2931c595783a"},
    {file = "lxml-4.9.1-cp37-cp37m-win_amd64.whl", hash = "sha256:eea5d6443b093e1545ad0210e6cf27f920482bfcf5c77cdc8596aec73523bb7e"},
    {file = "lxml-4.9.1-cp38-cp38-macosx_10_15_x86_64.whl", hash = "sha256:f05251bbc2145349b8d0b77c0d4e5f3b228418807b1ee27cefb11f69ed3d233b"},
    {file = "lxml-4.9.1-cp38-cp38-manylinux_2_12_i686.manylinux2010_i686.manylinux_2_24_i686.whl", hash = "sha256:487c8e61d7acc50b8be82bda8c8d21d20e133c3cbf41bd8ad7eb1aaeb3f07c97"},
    {file = "lxml-4.9.1-cp38-cp38-manylinux_2_17_aarch64.manylinux2014_aarch64.manylinux_2_24_aarch64.whl", hash = "sha256:8d1a92d8e90b286d491e5626af53afef2ba04da33e82e30744795c71880eaa21"},
    {file = "lxml-4.9.1-cp38-cp38-manylinux_2_17_x86_64.manylinux2014_x86_64.manylinux_2_24_x86_64.whl", hash = "sha256:b570da8cd0012f4af9fa76a5635cd31f707473e65a5a335b186069d5c7121ff2"},
    {file = "lxml-4.9.1-cp38-cp38-manylinux_2_5_i686.manylinux1_i686.whl", hash = "sha256:5ef87fca280fb15342726bd5f980f6faf8b84a5287fcc2d4962ea8af88b35130"},
    {file = "lxml-4.9.1-cp38-cp38-manylinux_2_5_x86_64.manylinux1_x86_64.whl", hash = "sha256:93e414e3206779ef41e5ff2448067213febf260ba747fc65389a3ddaa3fb8715"},
    {file = "lxml-4.9.1-cp38-cp38-musllinux_1_1_aarch64.whl", hash = "sha256:6653071f4f9bac46fbc30f3c7838b0e9063ee335908c5d61fb7a4a86c8fd2036"},
    {file = "lxml-4.9.1-cp38-cp38-musllinux_1_1_x86_64.whl", hash = "sha256:32a73c53783becdb7eaf75a2a1525ea8e49379fb7248c3eeefb9412123536387"},
    {file = "lxml-4.9.1-cp38-cp38-win32.whl", hash = "sha256:1a7c59c6ffd6ef5db362b798f350e24ab2cfa5700d53ac6681918f314a4d3b94"},
    {file = "lxml-4.9.1-cp38-cp38-win_amd64.whl", hash = "sha256:1436cf0063bba7888e43f1ba8d58824f085410ea2025befe81150aceb123e345"},
    {file = "lxml-4.9.1-cp39-cp39-macosx_10_15_x86_64.whl", hash = "sha256:4beea0f31491bc086991b97517b9683e5cfb369205dac0148ef685ac12a20a67"},
    {file = "lxml-4.9.1-cp39-cp39-manylinux_2_12_i686.manylinux2010_i686.manylinux_2_24_i686.whl", hash = "sha256:41fb58868b816c202e8881fd0f179a4644ce6e7cbbb248ef0283a34b73ec73bb"},
    {file = "lxml-4.9.1-cp39-cp39-manylinux_2_17_aarch64.manylinux2014_aarch64.manylinux_2_24_aarch64.whl", hash = "sha256:bd34f6d1810d9354dc7e35158aa6cc33456be7706df4420819af6ed966e85448"},
    {file = "lxml-4.9.1-cp39-cp39-manylinux_2_17_x86_64.manylinux2014_x86_64.manylinux_2_24_x86_64.whl", hash = "sha256:edffbe3c510d8f4bf8640e02ca019e48a9b72357318383ca60e3330c23aaffc7"},
    {file = "lxml-4.9.1-cp39-cp39-manylinux_2_5_i686.manylinux1_i686.whl", hash = "sha256:6d949f53ad4fc7cf02c44d6678e7ff05ec5f5552b235b9e136bd52e9bf730b91"},
    {file = "lxml-4.9.1-cp39-cp39-manylinux_2_5_x86_64.manylinux1_x86_64.whl", hash = "sha256:079b68f197c796e42aa80b1f739f058dcee796dc725cc9a1be0cdb08fc45b000"},
    {file = "lxml-4.9.1-cp39-cp39-musllinux_1_1_aarch64.whl", hash = "sha256:9c3a88d20e4fe4a2a4a84bf439a5ac9c9aba400b85244c63a1ab7088f85d9d25"},
    {file = "lxml-4.9.1-cp39-cp39-musllinux_1_1_x86_64.whl", hash = "sha256:4e285b5f2bf321fc0857b491b5028c5f276ec0c873b985d58d7748ece1d770dd"},
    {file = "lxml-4.9.1-cp39-cp39-win32.whl", hash = "sha256:ef72013e20dd5ba86a8ae1aed7f56f31d3374189aa8b433e7b12ad182c0d2dfb"},
    {file = "lxml-4.9.1-cp39-cp39-win_amd64.whl", hash = "sha256:10d2017f9150248563bb579cd0d07c61c58da85c922b780060dcc9a3aa9f432d"},
    {file = "lxml-4.9.1-pp37-pypy37_pp73-macosx_10_15_x86_64.whl", hash = "sha256:0538747a9d7827ce3e16a8fdd201a99e661c7dee3c96c885d8ecba3c35d1032c"},
    {file = "lxml-4.9.1-pp37-pypy37_pp73-manylinux_2_12_i686.manylinux2010_i686.manylinux_2_24_i686.whl", hash = "sha256:0645e934e940107e2fdbe7c5b6fb8ec6232444260752598bc4d09511bd056c0b"},
    {file = "lxml-4.9.1-pp37-pypy37_pp73-manylinux_2_17_x86_64.manylinux2014_x86_64.manylinux_2_24_x86_64.whl", hash = "sha256:6daa662aba22ef3258934105be2dd9afa5bb45748f4f702a3b39a5bf53a1f4dc"},
    {file = "lxml-4.9.1-pp38-pypy38_pp73-macosx_10_15_x86_64.whl", hash = "sha256:603a464c2e67d8a546ddaa206d98e3246e5db05594b97db844c2f0a1af37cf5b"},
    {file = "lxml-4.9.1-pp38-pypy38_pp73-manylinux_2_12_i686.manylinux2010_i686.manylinux_2_24_i686.whl", hash = "sha256:c4b2e0559b68455c085fb0f6178e9752c4be3bba104d6e881eb5573b399d1eb2"},
    {file = "lxml-4.9.1-pp38-pypy38_pp73-manylinux_2_17_x86_64.manylinux2014_x86_64.manylinux_2_24_x86_64.whl", hash = "sha256:0f3f0059891d3254c7b5fb935330d6db38d6519ecd238ca4fce93c234b4a0f73"},
    {file = "lxml-4.9.1-pp39-pypy39_pp73-manylinux_2_12_i686.manylinux2010_i686.manylinux_2_24_i686.whl", hash = "sha256:c852b1530083a620cb0de5f3cd6826f19862bafeaf77586f1aef326e49d95f0c"},
    {file = "lxml-4.9.1-pp39-pypy39_pp73-manylinux_2_17_x86_64.manylinux2014_x86_64.manylinux_2_24_x86_64.whl", hash = "sha256:287605bede6bd36e930577c5925fcea17cb30453d96a7b4c63c14a257118dbb9"},
    {file = "lxml-4.9.1.tar.gz", hash = "sha256:fe749b052bb7233fe5d072fcb549221a8cb1a16725c47c37e42b0b9cb3ff2c3f"},
]
orjson = [
    {file = "orjson-3.7.11-cp310-cp310-macosx_10_7_x86_64.whl", hash = "sha256:51e00a59dd6486c40f395da07633718f50b85af414e1add751f007dde6248090"},
    {file = "orjson-3.7.11-cp310-cp310-macosx_10_9_x86_64.macosx_11_0_arm64.macosx_10_9_universal2.whl", hash = "sha256:c84d096f800d8cf062f8f514bb89baa1f067259ad8f71889b1d204039c2e2dd7"},
    {file = "orjson-3.7.11-cp310-cp310-manylinux_2_17_armv7l.manylinux2014_armv7l.whl", hash = "sha256:7051f5259aeef76492763a458d3d05efe820c0d20439aa3d3396b427fb40f85d"},
    {file = "orjson-3.7.11-cp310-cp310-manylinux_2_17_x86_64.manylinux2014_x86_64.whl", hash = "sha256:fd5b9ed454bf5237ad4bb0ec2170329a9a74dab065eaf2a2c31b84a7eff96c72"},
    {file = "orjson-3.7.11-cp310-cp310-manylinux_2_28_aarch64.whl", hash = "sha256:3f8c767331039e4e12324a6af41d3538c503503bdf107f40d4e292bb5542ff90"},
    {file = "orjson-3.7.11-cp310-cp310-manylinux_2_28_x86_64.whl", hash = "sha256:fd9508534ae29b368a60deb7668a65801869bc96635ee64550b7c119205984c0"},
    {file = "orjson-3.7.11-cp310-cp310-musllinux_1_1_aarch64.whl", hash = "sha256:7168059c4a02f3cbe2ce3a26908e199e38fe55feb325ee7484c61f15719ec85e"},
    {file = "orjson-3.7.11-cp310-cp310-musllinux_1_1_x86_64.whl", hash = "sha256:87ab1b07ec863d870e8b2abcbae4da62aae2aed3a5119938a4b6309aa94ec973"},
    {file = "orjson-3.7.11-cp310-none-win_amd64.whl", hash = "sha256:01863ff99f67afdb1a3a6a777d2de5a81f9b8203db70ef450b25363e7db48442"},
    {file = "orjson-3.7.11-cp311-cp311-manylinux_2_28_x86_64.whl", hash = "sha256:a7962f2fb550a11f3e785c0aabfde6c2e7f823995f9d2d71f759708c6117a902"},
    {file = "orjson-3.7.11-cp37-cp37m-macosx_10_7_x86_64.whl", hash = "sha256:4d33d13b0521ddca84b58c9a75c18e854b79480a6a13e6d0c105cfc0d4e8b2a7"},
    {file = "orjson-3.7.11-cp37-cp37m-macosx_10_9_x86_64.macosx_11_0_arm64.macosx_10_9_universal2.whl", hash = "sha256:b62b758b220f5deb6c90381baed8afec5d9b72e916886d73e944b78be3524f39"},
    {file = "orjson-3.7.11-cp37-cp37m-manylinux_2_17_armv7l.manylinux2014_armv7l.whl", hash = "sha256:9390a69422ec12264bf76469c1cbd006a8672a552e7cc393664c66011343da71"},
    {file = "orjson-3.7.11-cp37-cp37m-manylinux_2_17_x86_64.manylinux2014_x86_64.whl", hash = "sha256:a48e232130437fdbfc6c025cbf8aaac92c13ba1d9f7bd4445e177aae2f282028"},
    {file = "orjson-3.7.11-cp37-cp37m-manylinux_2_28_aarch64.whl", hash = "sha256:da1637f98a5e2ac6fe1a722f990474fbf05ca15a21f8bfbc2d06a14c62f74bfa"},
    {file = "orjson-3.7.11-cp37-cp37m-manylinux_2_28_x86_64.whl", hash = "sha256:c2f52563dcb0c500f9c9a028459950e1d14b66f504f8e5cdb50122a2538b38b0"},
    {file = "orjson-3.7.11-cp37-cp37m-musllinux_1_1_aarch64.whl", hash = "sha256:fbebb207a9d104efbd5e1b3e7dc3b63723ebbcd73f589f01bc7466b36c185e51"},
    {file = "orjson-3.7.11-cp37-cp37m-musllinux_1_1_x86_64.whl", hash = "sha256:18026b1b1a0c78e277b07230e2713af79ec4b9a8225a778983fd2f8455ae0e09"},
    {file = "orjson-3.7.11-cp37-none-win_amd64.whl", hash = "sha256:77dff65c25dffea9e7dd9d41d3b55248dad2f6bf622d89e8ebb19a76780f9cd7"},
    {file = "orjson-3.7.11-cp38-cp38-macosx_10_7_x86_64.whl", hash = "sha256:f76e9d7a0c1a586999094bbfbed5c17246dc217ffea061356b7056d3805b31b8"},
    {file = "orjson-3.7.11-cp38-cp38-macosx_10_9_x86_64.macosx_11_0_arm64.macosx_10_9_universal2.whl", hash = "sha256:0479adf8c7f18ba52ce30b64a03de2f1facb85b7a620832a0c8d5e01326f32bd"},
    {file = "orjson-3.7.11-cp38-cp38-manylinux_2_17_armv7l.manylinux2014_armv7l.whl", hash = "sha256:113add34e29ef4a0f8538d67dc4992a950a7b4f49e556525cd8247c82a3d3f6c"},
    {file = "orjson-3.7.11-cp38-cp38-manylinux_2_17_x86_64.manylinux2014_x86_64.whl", hash = "sha256:49cc542d3d2105fb7fb90a445ebe68f38cd846e6d86ea2c6e8724afbb9f052fc"},
    {file = "orjson-3.7.11-cp38-cp38-manylinux_2_28_aarch64.whl", hash = "sha256:42e41ceda915e1602c0c8f5b00b0f852c8c0bb2f9262138e13bf02128de8a0b7"},
    {file = "orjson-3.7.11-cp38-cp38-manylinux_2_28_x86_64.whl", hash = "sha256:df7f9b5d8c35e59c7df137587ebad2ec1d54947bbc6c7b1c4e7083c7012e3bba"},
    {file = "orjson-3.7.11-cp38-cp38-musllinux_1_1_aarch64.whl", hash = "sha256:17b77c2155da5186c18e3fe2ed5dc0d6babde5758fae81934a0a348c26430849"},
    {file = "orjson-3.7.11-cp38-cp38-musllinux_1_1_x86_64.whl", hash = "sha256:c7fcbfc44a7fd94f55652e6705e03271c43b2a171220ee31d6447721b690acd9"},
    {file = "orjson-3.7.11-cp38-none-win_amd64.whl", hash = "sha256:78177a47c186cd6188e624477cbaf91c941a03047afe8b8816091495bc6481ce"},
    {file = "orjson-3.7.11-cp39-cp39-macosx_10_7_x86_64.whl", hash = "sha256:3a5324f0da7b15df64b6b586608af503c7fa8b0cfb6e2b9f4f4fdc4855af6978"},
    {file = "orjson-3.7.11-cp39-cp39-macosx_10_9_x86_64.macosx_11_0_arm64.macosx_10_9_universal2.whl", hash = "sha256:5c063c9777b5f795b9d59ba8d58b44548e3f2e9a00a9e3ddddb8145d9eb57b68"},
    {file = "orjson-3.7.11-cp39-cp39-manylinux_2_17_armv7l.manylinux2014_armv7l.whl", hash = "sha256:cf99de2f61fb8014a755640f9e2768890baf9aa1365742ccc3b9e6a19f528b16"},
    {file = "orjson-3.7.11-cp39-cp39-manylinux_2_17_x86_64.manylinux2014_x86_64.whl", hash = "sha256:71bc8155a08239a655d4cf821f106a0821d4eb566f7c7a0163ccc41763488116"},
    {file = "orjson-3.7.11-cp39-cp39-manylinux_2_28_aarch64.whl", hash = "sha256:02a4875acb6e5f6109c40f7b9e27313bbe67f2c3e4d5ea01390ae9399061d913"},
    {file = "orjson-3.7.11-cp39-cp39-manylinux_2_28_x86_64.whl", hash = "sha256:6fc774923377e8594bf54291854919155e3c785081e95efc6cfcc9d76657a906"},
    {file = "orjson-3.7.11-cp39-cp39-musllinux_1_1_aarch64.whl", hash = "sha256:01c77aab9ed881cc4322aca6ca3c534473f5334e5211b8dbb8622769595439ce"},
    {file = "orjson-3.7.11-cp39-cp39-musllinux_1_1_x86_64.whl", hash = "sha256:ee69490145cc7d338a376a342415bba2f0c4d219f213c23fb64948cc40d9f255"},
    {file = "orjson-3.7.11-cp39-none-win_amd64.whl", hash = "sha256:145367654c236127f59894025a5354bce124bd6ee1d5417c28635969b7628482"},
    {file = "orjson-3.7.11.tar.gz", hash = "sha256:b4e6517861a397d9a1c72e7f8e8c72d6baf96d732a64637fb090ea49ead6042c"},
]
pydantic = [
    {file = "pydantic-1.9.1-cp310-cp310-macosx_10_9_x86_64.whl", hash = "sha256:c8098a724c2784bf03e8070993f6d46aa2eeca031f8d8a048dff277703e6e193"},
    {file = "pydantic-1.9.1-cp310-cp310-macosx_11_0_arm64.whl", hash = "sha256:c320c64dd876e45254bdd350f0179da737463eea41c43bacbee9d8c9d1021f11"},
    {file = "pydantic-1.9.1-cp310-cp310-manylinux_2_17_x86_64.manylinux2014_x86_64.whl", hash = "sha256:18f3e912f9ad1bdec27fb06b8198a2ccc32f201e24174cec1b3424dda605a310"},
    {file = "pydantic-1.9.1-cp310-cp310-manylinux_2_5_i686.manylinux1_i686.manylinux_2_17_i686.manylinux2014_i686.whl", hash = "sha256:c11951b404e08b01b151222a1cb1a9f0a860a8153ce8334149ab9199cd198131"},
    {file = "pydantic-1.9.1-cp310-cp310-musllinux_1_1_i686.whl", hash = "sha256:8bc541a405423ce0e51c19f637050acdbdf8feca34150e0d17f675e72d119580"},
    {file = "pydantic-1.9.1-cp310-cp310-musllinux_1_1_x86_64.whl", hash = "sha256:e565a785233c2d03724c4dc55464559639b1ba9ecf091288dd47ad9c629433bd"},
    {file = "pydantic-1.9.1-cp310-cp310-win_amd64.whl", hash = "sha256:a4a88dcd6ff8fd47c18b3a3709a89adb39a6373f4482e04c1b765045c7e282fd"},
    {file = "pydantic-1.9.1-cp36-cp36m-macosx_10_9_x86_64.whl", hash = "sha256:447d5521575f18e18240906beadc58551e97ec98142266e521c34968c76c8761"},
    {file = "pydantic-1.9.1-cp36-cp36m-manylinux_2_17_x86_64.manylinux2014_x86_64.whl", hash = "sha256:985ceb5d0a86fcaa61e45781e567a59baa0da292d5ed2e490d612d0de5796918"},
    {file = "pydantic-1.9.1-cp36-cp36m-manylinux_2_5_i686.manylinux1_i686.manylinux_2_17_i686.manylinux2014_i686.whl", hash = "sha256:059b6c1795170809103a1538255883e1983e5b831faea6558ef873d4955b4a74"},
    {file = "pydantic-1.9.1-cp36-cp36m-musllinux_1_1_i686.whl", hash = "sha256:d12f96b5b64bec3f43c8e82b4aab7599d0157f11c798c9f9c528a72b9e0b339a"},
    {file = "pydantic-1.9.1-cp36-cp36m-musllinux_1_1_x86_64.whl", hash = "sha256:ae72f8098acb368d877b210ebe02ba12585e77bd0db78ac04a1ee9b9f5dd2166"},
    {file = "pydantic-1.9.1-cp36-cp36m-win_amd64.whl", hash = "sha256:79b485767c13788ee314669008d01f9ef3bc05db9ea3298f6a50d3ef596a154b"},
    {file = "pydantic-1.9.1-cp37-cp37m-macosx_10_9_x86_64.whl", hash = "sha256:494f7c8537f0c02b740c229af4cb47c0d39840b829ecdcfc93d91dcbb0779892"},
    {file = "pydantic-1.9.1-cp37-cp37m-manylinux_2_17_x86_64.manylinux2014_x86_64.whl", hash = "sha256:f0f047e11febe5c3198ed346b507e1d010330d56ad615a7e0a89fae604065a0e"},
    {file = "pydantic-1.9.1-cp37-cp37m-manylinux_2_5_i686.manylinux1_i686.manylinux_2_17_i686.manylinux2014_i686.whl", hash = "sha256:969dd06110cb780da01336b281f53e2e7eb3a482831df441fb65dd30403f4608"},
    {file = "pydantic-1.9.1-cp37-cp37m-musllinux_1_1_i686.whl", hash = "sha256:177071dfc0df6248fd22b43036f936cfe2508077a72af0933d0c1fa269b18537"},
    {file = "pydantic-1.9.1-cp37-cp37m-musllinux_1_1_x86_64.whl", hash = "sha256:9bcf8b6e011be08fb729d110f3e22e654a50f8a826b0575c7196616780683380"},
    {file = "pydantic-1.9.1-cp37-cp37m-win_amd64.whl", hash = "sha256:a955260d47f03df08acf45689bd163ed9df82c0e0124beb4251b1290fa7ae728"},
    {file = "pydantic-1.9.1-cp38-cp38-macosx_10_9_x86_64.whl", hash = "sha256:9ce157d979f742a915b75f792dbd6aa63b8eccaf46a1005ba03aa8a986bde34a"},
    {file = "pydantic-1.9.1-cp38-cp38-macosx_11_0_arm64.whl", hash = "sha256:0bf07cab5b279859c253d26a9194a8906e6f4a210063b84b433cf90a569de0c1"},
    {file = "pydantic-1.9.1-cp38-cp38-manylinux_2_17_x86_64.manylinux2014_x86_64.whl", hash = "sha256:5d93d4e95eacd313d2c765ebe40d49ca9dd2ed90e5b37d0d421c597af830c195"},
    {file = "pydantic-1.9.1-cp38-cp38-manylinux_2_5_i686.manylinux1_i686.manylinux_2_17_i686.manylinux2014_i686.whl", hash = "sha256:1542636a39c4892c4f4fa6270696902acb186a9aaeac6f6cf92ce6ae2e88564b"},
    {file = "pydantic-1.9.1-cp38-cp38-musllinux_1_1_i686.whl", hash = "sha256:a9af62e9b5b9bc67b2a195ebc2c2662fdf498a822d62f902bf27cccb52dbbf49"},
    {file = "pydantic-1.9.1-cp38-cp38-musllinux_1_1_x86_64.whl", hash = "sha256:fe4670cb32ea98ffbf5a1262f14c3e102cccd92b1869df3bb09538158ba90fe6"},
    {file = "pydantic-1.9.1-cp38-cp38-win_amd64.whl", hash = "sha256:9f659a5ee95c8baa2436d392267988fd0f43eb774e5eb8739252e5a7e9cf07e0"},
    {file = "pydantic-1.9.1-cp39-cp39-macosx_10_9_x86_64.whl", hash = "sha256:b83ba3825bc91dfa989d4eed76865e71aea3a6ca1388b59fc801ee04c4d8d0d6"},
    {file = "pydantic-1.9.1-cp39-cp39-macosx_11_0_arm64.whl", hash = "sha256:1dd8fecbad028cd89d04a46688d2fcc14423e8a196d5b0a5c65105664901f810"},
    {file = "pydantic-1.9.1-cp39-cp39-manylinux_2_17_x86_64.manylinux2014_x86_64.whl", hash = "sha256:02eefd7087268b711a3ff4db528e9916ac9aa18616da7bca69c1871d0b7a091f"},
    {file = "pydantic-1.9.1-cp39-cp39-manylinux_2_5_i686.manylinux1_i686.manylinux_2_17_i686.manylinux2014_i686.whl", hash = "sha256:7eb57ba90929bac0b6cc2af2373893d80ac559adda6933e562dcfb375029acee"},
    {file = "pydantic-1.9.1-cp39-cp39-musllinux_1_1_i686.whl", hash = "sha256:4ce9ae9e91f46c344bec3b03d6ee9612802682c1551aaf627ad24045ce090761"},
    {file = "pydantic-1.9.1-cp39-cp39-musllinux_1_1_x86_64.whl", hash = "sha256:72ccb318bf0c9ab97fc04c10c37683d9eea952ed526707fabf9ac5ae59b701fd"},
    {file = "pydantic-1.9.1-cp39-cp39-win_amd64.whl", hash = "sha256:61b6760b08b7c395975d893e0b814a11cf011ebb24f7d869e7118f5a339a82e1"},
    {file = "pydantic-1.9.1-py3-none-any.whl", hash = "sha256:4988c0f13c42bfa9ddd2fe2f569c9d54646ce84adc5de84228cfe83396f3bd58"},
    {file = "pydantic-1.9.1.tar.gz", hash = "sha256:1ed987c3ff29fff7fd8c3ea3a3ea877ad310aae2ef9889a119e22d3f2db0691a"},
]
python-dateutil = [
    {file = "python-dateutil-2.8.2.tar.gz", hash = "sha256:0123cacc1627ae19ddf3c27a5de5bd67ee4586fbdd6440d9748f8abb483d3e86"},
    {file = "python_dateutil-2.8.2-py2.py3-none-any.whl", hash = "sha256:961d03dc3453ebbc59dbdea9e4e11c5651520a876d0f4db161e8674aae935da9"},
]
requests = [
    {file = "requests-2.27.1-py2.py3-none-any.whl", hash = "sha256:f22fa1e554c9ddfd16e6e41ac79759e17be9e492b3587efa038054674760e72d"},
    {file = "requests-2.27.1.tar.gz", hash = "sha256:68d7c56fd5a8999887728ef304a6d12edc7be74f1cfa47714fc8b414525c9a61"},
]
six = [
    {file = "six-1.16.0-py2.py3-none-any.whl", hash = "sha256:8abb2f1d86890a2dfb989f9a77cfcfd3e47c2a354b01111771326f8aa26e0254"},
    {file = "six-1.16.0.tar.gz", hash = "sha256:1e61c37477a1626458e36f7b1d82aa5c9b094fa4802892072e49de9c60c4c926"},
]
sniffio = [
    {file = "sniffio-1.2.0-py3-none-any.whl", hash = "sha256:471b71698eac1c2112a40ce2752bb2f4a4814c22a54a3eed3676bc0f5ca9f663"},
    {file = "sniffio-1.2.0.tar.gz", hash = "sha256:c4666eecec1d3f50960c6bdf61ab7bc350648da6c126e3cf6898d8cd4ddcd3de"},
]
soupsieve = [
    {file = "soupsieve-2.3.2.post1-py3-none-any.whl", hash = "sha256:3b2503d3c7084a42b1ebd08116e5f81aadfaea95863628c80a3b774a11b7c759"},
    {file = "soupsieve-2.3.2.post1.tar.gz", hash = "sha256:fc53893b3da2c33de295667a0e19f078c14bf86544af307354de5fcf12a3f30d"},
]
starlette = [
    {file = "starlette-0.19.1-py3-none-any.whl", hash = "sha256:5a60c5c2d051f3a8eb546136aa0c9399773a689595e099e0877704d5888279bf"},
    {file = "starlette-0.19.1.tar.gz", hash = "sha256:c6d21096774ecb9639acad41b86b7706e52ba3bf1dc13ea4ed9ad593d47e24c7"},
]
typing-extensions = [
    {file = "typing_extensions-4.2.0-py3-none-any.whl", hash = "sha256:6657594ee297170d19f67d55c05852a874e7eb634f4f753dbd667855e07c1708"},
    {file = "typing_extensions-4.2.0.tar.gz", hash = "sha256:f1c24655a0da0d1b67f07e17a5e6b2a105894e6824b92096378bb3668ef02376"},
]
urllib3 = [
    {file = "urllib3-1.26.9-py2.py3-none-any.whl", hash = "sha256:44ece4d53fb1706f667c9bd1c648f5469a2ec925fcf3a776667042d645472c14"},
    {file = "urllib3-1.26.9.tar.gz", hash = "sha256:aabaf16477806a5e1dd19aa41f8c2b7950dd3c746362d7e3223dbe6de6ac448e"},
]
uvicorn = [
    {file = "uvicorn-0.18.2-py3-none-any.whl", hash = "sha256:c19a057deb1c5bb060946e2e5c262fc01590c6529c0af2c3d9ce941e89bc30e0"},
    {file = "uvicorn-0.18.2.tar.gz", hash = "sha256:cade07c403c397f9fe275492a48c1b869efd175d5d8a692df649e6e7e2ed8f4e"},
]
